
Microsoft Visual Studio Solution File, Format Version 12.00
# Visual Studio Version 16
VisualStudioVersion = 16.0.30523.141
MinimumVisualStudioVersion = 10.0.40219.1
Project("{FAE04EC0-301F-11D3-BF4B-00C04F79EFBC}") = "MyFirstApp", "MyFirstApp.csproj", "{25ADC3E6-4FD7-4A81-A5AB-DAA6250F6699}"
EndProject
Global
	GlobalSection(SolutionConfigurationPlatforms) = preSolution
		Debug|Any CPU = Debug|Any CPU
		Release|Any CPU = Release|Any CPU
	EndGlobalSection
	GlobalSection(ProjectConfigurationPlatforms) = postSolution
		{25ADC3E6-4FD7-4A81-A5AB-DAA6250F6699}.Debug|Any CPU.ActiveCfg = Debug|Any CPU
		{25ADC3E6-4FD7-4A81-A5AB-DAA6250F6699}.Debug|Any CPU.Build.0 = Debug|Any CPU
		{25ADC3E6-4FD7-4A81-A5AB-DAA6250F6699}.Release|Any CPU.ActiveCfg = Release|Any CPU
		{25ADC3E6-4FD7-4A81-A5AB-DAA6250F6699}.Release|Any CPU.Build.0 = Release|Any CPU
	EndGlobalSection
	GlobalSection(SolutionProperties) = preSolution
		HideSolutionNode = FALSE
	EndGlobalSection
	GlobalSection(ExtensibilityGlobals) = postSolution
		SolutionGuid = {2A26059D-708A-4CA1-BBCA-F2E12C5A6F16}
	EndGlobalSection
EndGlobal
